# @generated by Move, please check-in and do not edit manually.

[move]
version = 3
manifest_digest = "AE27F32558FEB18DE4F13A7401AEDC846DAC4D867373CE1E80285D58498A5955"
deps_digest = "F8BBB0CCB2491CA29A3DF03D6F92277A4F3574266507ACD77214D37ECA3F3082"
dependencies = [
  { id = "Sui", name = "Sui" },
]

[[move.package]]
id = "MoveStdlib"
source = { git = "https://github.com/MystenLabs/sui.git", rev = "framework/mainnet", subdir = "crates/sui-framework/packages/move-stdlib" }

[[move.package]]
id = "Sui"
source = { git = "https://github.com/MystenLabs/sui.git", rev = "framework/mainnet", subdir = "crates/sui-framework/packages/sui-framework" }

dependencies = [
  { id = "MoveStdlib", name = "MoveStdlib" },
]

[move.toolchain-version]
compiler-version = "1.58.1"
edition = "2024.beta"
flavor = "sui"

[env]

[env.devnet]
chain-id = "665947b9"
original-published-id = "0xff3bb17ddcd3c52cfc30e20106a6a877ef72e9aa04611e41c5b867e0aeeb4023"
latest-published-id = "0xff3bb17ddcd3c52cfc30e20106a6a877ef72e9aa04611e41c5b867e0aeeb4023"
published-version = "1"
